
Microsoft Visual Studio Solution File, Format Version 12.00
# Visual Studio Version 16
VisualStudioVersion = 16.0.29709.97
MinimumVisualStudioVersion = 10.0.40219.1
Project("{9A19103F-16F7-4668-BE54-9A1E7A4F7556}") = "LR4", "LR4.csproj", "{30FEF376-3087-465B-8C68-231A16391623}"
EndProject
Project("{FAE04EC0-301F-11D3-BF4B-00C04F79EFBC}") = "NUnitTestProject1", "..\NUnitTestProject1\NUnitTestProject1.csproj", "{67490A42-613B-4E38-9386-2BDAF4F722F5}"
EndProject
Project("{FAE04EC0-301F-11D3-BF4B-00C04F79EFBC}") = "NUnitTestProject2", "..\NUnitTestProject2\NUnitTestProject2.csproj", "{F3A0A5CE-6F8C-4935-B0E4-19C587B061AF}"
EndProject
Global
	GlobalSection(SolutionConfigurationPlatforms) = preSolution
		Debug|Any CPU = Debug|Any CPU
		Release|Any CPU = Release|Any CPU
	EndGlobalSection
	GlobalSection(ProjectConfigurationPlatforms) = postSolution
		{30FEF376-3087-465B-8C68-231A16391623}.Debug|Any CPU.ActiveCfg = Debug|Any CPU
		{30FEF376-3087-465B-8C68-231A16391623}.Debug|Any CPU.Build.0 = Debug|Any CPU
		{30FEF376-3087-465B-8C68-231A16391623}.Release|Any CPU.ActiveCfg = Release|Any CPU
		{30FEF376-3087-465B-8C68-231A16391623}.Release|Any CPU.Build.0 = Release|Any CPU
		{67490A42-613B-4E38-9386-2BDAF4F722F5}.Debug|Any CPU.ActiveCfg = Debug|Any CPU
		{67490A42-613B-4E38-9386-2BDAF4F722F5}.Debug|Any CPU.Build.0 = Debug|Any CPU
		{67490A42-613B-4E38-9386-2BDAF4F722F5}.Release|Any CPU.ActiveCfg = Release|Any CPU
		{67490A42-613B-4E38-9386-2BDAF4F722F5}.Release|Any CPU.Build.0 = Release|Any CPU
		{F3A0A5CE-6F8C-4935-B0E4-19C587B061AF}.Debug|Any CPU.ActiveCfg = Debug|Any CPU
		{F3A0A5CE-6F8C-4935-B0E4-19C587B061AF}.Debug|Any CPU.Build.0 = Debug|Any CPU
		{F3A0A5CE-6F8C-4935-B0E4-19C587B061AF}.Release|Any CPU.ActiveCfg = Release|Any CPU
		{F3A0A5CE-6F8C-4935-B0E4-19C587B061AF}.Release|Any CPU.Build.0 = Release|Any CPU
	EndGlobalSection
	GlobalSection(SolutionProperties) = preSolution
		HideSolutionNode = FALSE
	EndGlobalSection
	GlobalSection(ExtensibilityGlobals) = postSolution
		SolutionGuid = {BCE77572-DF63-44C5-ABC3-FA4260A2794A}
	EndGlobalSection
EndGlobal
